
Microsoft Visual Studio Solution File, Format Version 12.00
# Visual Studio Version 17
VisualStudioVersion = 17.8.34511.84
MinimumVisualStudioVersion = 10.0.40219.1
Project("{FAE04EC0-301F-11D3-BF4B-00C04F79EFBC}") = "CollectionPractica", "CollectionPractica\CollectionPractica.csproj", "{09193C65-3E10-438B-896A-7656AEA9232C}"
EndProject
Global
	GlobalSection(SolutionConfigurationPlatforms) = preSolution
		Debug|Any CPU = Debug|Any CPU
		Release|Any CPU = Release|Any CPU
	EndGlobalSection
	GlobalSection(ProjectConfigurationPlatforms) = postSolution
		{09193C65-3E10-438B-896A-7656AEA9232C}.Debug|Any CPU.ActiveCfg = Debug|Any CPU
		{09193C65-3E10-438B-896A-7656AEA9232C}.Debug|Any CPU.Build.0 = Debug|Any CPU
		{09193C65-3E10-438B-896A-7656AEA9232C}.Release|Any CPU.ActiveCfg = Release|Any CPU
		{09193C65-3E10-438B-896A-7656AEA9232C}.Release|Any CPU.Build.0 = Release|Any CPU
	EndGlobalSection
	GlobalSection(SolutionProperties) = preSolution
		HideSolutionNode = FALSE
	EndGlobalSection
	GlobalSection(ExtensibilityGlobals) = postSolution
		SolutionGuid = {19D41F3E-5058-4DA4-976C-19B9E6C32E60}
	EndGlobalSection
EndGlobal
